# THIS IS AN AUTOGENERATED FILE. DO NOT EDIT THIS FILE DIRECTLY.
# yarn lockfile v1


bootstrap@^4.1.3:
  version "4.1.3"
  resolved "https://registry.yarnpkg.com/bootstrap/-/bootstrap-4.1.3.tgz#0eb371af2c8448e8c210411d0cb824a6409a12be"
  integrity sha512-rDFIzgXcof0jDyjNosjv4Sno77X4KuPeFxG2XZZv1/Kc8DRVGVADdoQyyOVDwPqL36DDmtCQbrpMCqvpPLJQ0w==

datatables-bootstrap@^0.0.1:
  version "0.0.1"
  resolved "https://registry.yarnpkg.com/datatables-bootstrap/-/datatables-bootstrap-0.0.1.tgz#31f1691623bbed87feb72c83682d1e75ca3fc6f9"
  integrity sha1-MfFpFiO77Yf+tyyDaC0edco/xvk=
  dependencies:
    datatables ">=1.10.0"
    jquery ">=1.7.0"

datatables.net-bs4@^1.10.19:
  version "1.10.19"
  resolved "https://registry.yarnpkg.com/datatables.net-bs4/-/datatables.net-bs4-1.10.19.tgz#0608dff22008cf3c7b8a68b1bc702ed255b404fb"
  integrity sha512-pgeP17w4aPR7HIxIwuJghfqXULjdg1K6xMUUKDyCERJRSNNK4MRToFfELtIsluLNN555YBK4Kx8nihX5/ZT1Fw==
  dependencies:
    datatables.net "1.10.19"
    jquery ">=1.7"

datatables.net@1.10.19, datatables.net@^1.10.19:
  version "1.10.19"
  resolved "https://registry.yarnpkg.com/datatables.net/-/datatables.net-1.10.19.tgz#97a1ed41c85e62d61040603481b59790a172dd1f"
  integrity sha512-+ljXcI6Pj3PTGy5pesp3E5Dr3x3AV45EZe0o1r0gKENN2gafBKXodVnk2ypKwl2tTmivjxbkiqoWnipTefyBTA==
  dependencies:
    jquery ">=1.7"

datatables@>=1.10.0:
  version "1.10.18"
  resolved "https://registry.yarnpkg.com/datatables/-/datatables-1.10.18.tgz#fee16e82aa70b17c5faf1a6954ac68f404f33a70"
  integrity sha512-ntatMgS9NN6UMpwbmO+QkYJuKlVeMA2Mi0Gu/QxyIh+dW7ZjLSDhPT2tWlzjpIWEkDYgieDzS9Nu7bdQCW0sbQ==
  dependencies:
    jquery ">=1.7"

jquery@>=1.7, jquery@>=1.7.0:
  version "3.3.1"
  resolved "https://registry.yarnpkg.com/jquery/-/jquery-3.3.1.tgz#958ce29e81c9790f31be7792df5d4d95fc57fbca"
  integrity sha512-Ubldcmxp5np52/ENotGxlLe6aGMvmF4R8S6tZjsP6Knsaxd/xp3Zrh50cG93lR6nPXyUFwzN3ZSOQI0wRJNdGg==
